
Microsoft Visual Studio Solution File, Format Version 12.00
# Visual Studio Version 17
VisualStudioVersion = 17.2.32516.85
MinimumVisualStudioVersion = 10.0.40219.1
Project("{FAE04EC0-301F-11D3-BF4B-00C04F79EFBC}") = "ProjetoAed1MVSTUDIO", "ProjetoAed1MVSTUDIO\ProjetoAed1MVSTUDIO.csproj", "{BF9658D2-26DF-4389-8499-D062617A34A1}"
EndProject
Global
	GlobalSection(SolutionConfigurationPlatforms) = preSolution
		Debug|Any CPU = Debug|Any CPU
		Release|Any CPU = Release|Any CPU
	EndGlobalSection
	GlobalSection(ProjectConfigurationPlatforms) = postSolution
		{BF9658D2-26DF-4389-8499-D062617A34A1}.Debug|Any CPU.ActiveCfg = Debug|Any CPU
		{BF9658D2-26DF-4389-8499-D062617A34A1}.Debug|Any CPU.Build.0 = Debug|Any CPU
		{BF9658D2-26DF-4389-8499-D062617A34A1}.Release|Any CPU.ActiveCfg = Release|Any CPU
		{BF9658D2-26DF-4389-8499-D062617A34A1}.Release|Any CPU.Build.0 = Release|Any CPU
	EndGlobalSection
	GlobalSection(SolutionProperties) = preSolution
		HideSolutionNode = FALSE
	EndGlobalSection
	GlobalSection(ExtensibilityGlobals) = postSolution
		SolutionGuid = {8396FF05-D103-43F0-A0C7-566119221D29}
	EndGlobalSection
EndGlobal
